
Microsoft Visual Studio Solution File, Format Version 12.00
# Visual Studio 15
VisualStudioVersion = 15.0.28307.572
MinimumVisualStudioVersion = 10.0.40219.1
Project("{FAE04EC0-301F-11D3-BF4B-00C04F79EFBC}") = "ArticleProcessorWebApplication", "ArticleProcessorWebApplication\ArticleProcessorWebApplication.csproj", "{FF804107-E921-4CC8-B615-A3CA9A9C03BC}"
EndProject
Global
	GlobalSection(SolutionConfigurationPlatforms) = preSolution
		Debug|Any CPU = Debug|Any CPU
		Release|Any CPU = Release|Any CPU
	EndGlobalSection
	GlobalSection(ProjectConfigurationPlatforms) = postSolution
		{FF804107-E921-4CC8-B615-A3CA9A9C03BC}.Debug|Any CPU.ActiveCfg = Debug|Any CPU
		{FF804107-E921-4CC8-B615-A3CA9A9C03BC}.Debug|Any CPU.Build.0 = Debug|Any CPU
		{FF804107-E921-4CC8-B615-A3CA9A9C03BC}.Release|Any CPU.ActiveCfg = Release|Any CPU
		{FF804107-E921-4CC8-B615-A3CA9A9C03BC}.Release|Any CPU.Build.0 = Release|Any CPU
	EndGlobalSection
	GlobalSection(SolutionProperties) = preSolution
		HideSolutionNode = FALSE
	EndGlobalSection
	GlobalSection(ExtensibilityGlobals) = postSolution
		SolutionGuid = {016CEA2A-F2B0-4CC9-9A3E-83FE524870C9}
	EndGlobalSection
EndGlobal
